// !$*UTF8*$!
{
	archiveVersion = 1;
	classes = {
	};
	objectVersion = 55;
	objects = {

/* Begin PBXBuildFile section */
		459132A9EE1DD62819248055 /* Pods_VisitCardsEstudo_VisitCardsEstudoUITests.framework in Frameworks */ = {isa = PBXBuildFile; fileRef = 3C10D2A352FF93A2E45FC189 /* Pods_VisitCardsEstudo_VisitCardsEstudoUITests.framework */; };
		78917DC7288F0DC300F34142 /* AppDelegate.swift in Sources */ = {isa = PBXBuildFile; fileRef = 78917DC6288F0DC300F34142 /* AppDelegate.swift */; };
		78917DCB288F0DC300F34142 /* ViewController.swift in Sources */ = {isa = PBXBuildFile; fileRef = 78917DCA288F0DC300F34142 /* ViewController.swift */; };
		78917DD0288F0DC600F34142 /* Assets.xcassets in Resources */ = {isa = PBXBuildFile; fileRef = 78917DCF288F0DC600F34142 /* Assets.xcassets */; };
		78917DD3288F0DC600F34142 /* LaunchScreen.storyboard in Resources */ = {isa = PBXBuildFile; fileRef = 78917DD1288F0DC600F34142 /* LaunchScreen.storyboard */; };
		78917DDE288F0DC700F34142 /* VisitCardsEstudoTests.swift in Sources */ = {isa = PBXBuildFile; fileRef = 78917DDD288F0DC700F34142 /* VisitCardsEstudoTests.swift */; };
		78917DE8288F0DC700F34142 /* VisitCardsEstudoUITests.swift in Sources */ = {isa = PBXBuildFile; fileRef = 78917DE7288F0DC700F34142 /* VisitCardsEstudoUITests.swift */; };
		78917DEA288F0DC700F34142 /* VisitCardsEstudoUITestsLaunchTests.swift in Sources */ = {isa = PBXBuildFile; fileRef = 78917DE9288F0DC700F34142 /* VisitCardsEstudoUITestsLaunchTests.swift */; };
		BF0406D032AC1C0CB3C57AEB /* Pods_VisitCardsEstudo.framework in Frameworks */ = {isa = PBXBuildFile; fileRef = F65CC6ADAE031922CB9F762C /* Pods_VisitCardsEstudo.framework */; };
		CBEE471936834B98F9DB4D38 /* Pods_VisitCardsEstudoTests.framework in Frameworks */ = {isa = PBXBuildFile; fileRef = C80D7D75297EA9EEDC279102 /* Pods_VisitCardsEstudoTests.framework */; };
/* End PBXBuildFile section */

/* Begin PBXContainerItemProxy section */
		78917DDA288F0DC700F34142 /* PBXContainerItemProxy */ = {
			isa = PBXContainerItemProxy;
			containerPortal = 78917DBB288F0DC300F34142 /* Project object */;
			proxyType = 1;
			remoteGlobalIDString = 78917DC2288F0DC300F34142;
			remoteInfo = VisitCardsEstudo;
		};
		78917DE4288F0DC700F34142 /* PBXContainerItemProxy */ = {
			isa = PBXContainerItemProxy;
			containerPortal = 78917DBB288F0DC300F34142 /* Project object */;
			proxyType = 1;
			remoteGlobalIDString = 78917DC2288F0DC300F34142;
			remoteInfo = VisitCardsEstudo;
		};
/* End PBXContainerItemProxy section */

/* Begin PBXFileReference section */
		08E007B6CFA3A755C7F9D55A /* Pods-VisitCardsEstudo-VisitCardsEstudoUITests.release.xcconfig */ = {isa = PBXFileReference; includeInIndex = 1; lastKnownFileType = text.xcconfig; name = "Pods-VisitCardsEstudo-VisitCardsEstudoUITests.release.xcconfig"; path = "Target Support Files/Pods-VisitCardsEstudo-VisitCardsEstudoUITests/Pods-VisitCardsEstudo-VisitCardsEstudoUITests.release.xcconfig"; sourceTree = "<group>"; };
		151FD3907F9F54C1E757D6C6 /* Pods-VisitCardsEstudo-VisitCardsEstudoUITests.debug.xcconfig */ = {isa = PBXFileReference; includeInIndex = 1; lastKnownFileType = text.xcconfig; name = "Pods-VisitCardsEstudo-VisitCardsEstudoUITests.debug.xcconfig"; path = "Target Support Files/Pods-VisitCardsEstudo-VisitCardsEstudoUITests/Pods-VisitCardsEstudo-VisitCardsEstudoUITests.debug.xcconfig"; sourceTree = "<group>"; };
		357B43F08E8B38C8D699BE62 /* Pods-VisitCardsEstudoTests.release.xcconfig */ = {isa = PBXFileReference; includeInIndex = 1; lastKnownFileType = text.xcconfig; name = "Pods-VisitCardsEstudoTests.release.xcconfig"; path = "Target Support Files/Pods-VisitCardsEstudoTests/Pods-VisitCardsEstudoTests.release.xcconfig"; sourceTree = "<group>"; };
		3C10D2A352FF93A2E45FC189 /* Pods_VisitCardsEstudo_VisitCardsEstudoUITests.framework */ = {isa = PBXFileReference; explicitFileType = wrapper.framework; includeInIndex = 0; path = Pods_VisitCardsEstudo_VisitCardsEstudoUITests.framework; sourceTree = BUILT_PRODUCTS_DIR; };
		3EC9A8DE4602588D64E66288 /* Pods-VisitCardsEstudo.debug.xcconfig */ = {isa = PBXFileReference; includeInIndex = 1; lastKnownFileType = text.xcconfig; name = "Pods-VisitCardsEstudo.debug.xcconfig"; path = "Target Support Files/Pods-VisitCardsEstudo/Pods-VisitCardsEstudo.debug.xcconfig"; sourceTree = "<group>"; };
		6D2E3CA2658DAA0A8B298A81 /* Pods-VisitCardsEstudo.release.xcconfig */ = {isa = PBXFileReference; includeInIndex = 1; lastKnownFileType = text.xcconfig; name = "Pods-VisitCardsEstudo.release.xcconfig"; path = "Target Support Files/Pods-VisitCardsEstudo/Pods-VisitCardsEstudo.release.xcconfig"; sourceTree = "<group>"; };
		78917DC3288F0DC300F34142 /* VisitCardsEstudo.app */ = {isa = PBXFileReference; explicitFileType = wrapper.application; includeInIndex = 0; path = VisitCardsEstudo.app; sourceTree = BUILT_PRODUCTS_DIR; };
		78917DC6288F0DC300F34142 /* AppDelegate.swift */ = {isa = PBXFileReference; lastKnownFileType = sourcecode.swift; path = AppDelegate.swift; sourceTree = "<group>"; };
		78917DCA288F0DC300F34142 /* ViewController.swift */ = {isa = PBXFileReference; lastKnownFileType = sourcecode.swift; path = ViewController.swift; sourceTree = "<group>"; };
		78917DCF288F0DC600F34142 /* Assets.xcassets */ = {isa = PBXFileReference; lastKnownFileType = folder.assetcatalog; path = Assets.xcassets; sourceTree = "<group>"; };
		78917DD2288F0DC600F34142 /* Base */ = {isa = PBXFileReference; lastKnownFileType = file.storyboard; name = Base; path = Base.lproj/LaunchScreen.storyboard; sourceTree = "<group>"; };
		78917DD4288F0DC600F34142 /* Info.plist */ = {isa = PBXFileReference; lastKnownFileType = text.plist.xml; path = Info.plist; sourceTree = "<group>"; };
		78917DD9288F0DC700F34142 /* VisitCardsEstudoTests.xctest */ = {isa = PBXFileReference; explicitFileType = wrapper.cfbundle; includeInIndex = 0; path = VisitCardsEstudoTests.xctest; sourceTree = BUILT_PRODUCTS_DIR; };
		78917DDD288F0DC700F34142 /* VisitCardsEstudoTests.swift */ = {isa = PBXFileReference; lastKnownFileType = sourcecode.swift; path = VisitCardsEstudoTests.swift; sourceTree = "<group>"; };
		78917DE3288F0DC700F34142 /* VisitCardsEstudoUITests.xctest */ = {isa = PBXFileReference; explicitFileType = wrapper.cfbundle; includeInIndex = 0; path = VisitCardsEstudoUITests.xctest; sourceTree = BUILT_PRODUCTS_DIR; };
		78917DE7288F0DC700F34142 /* VisitCardsEstudoUITests.swift */ = {isa = PBXFileReference; lastKnownFileType = sourcecode.swift; path = VisitCardsEstudoUITests.swift; sourceTree = "<group>"; };
		78917DE9288F0DC700F34142 /* VisitCardsEstudoUITestsLaunchTests.swift */ = {isa = PBXFileReference; lastKnownFileType = sourcecode.swift; path = VisitCardsEstudoUITestsLaunchTests.swift; sourceTree = "<group>"; };
		A0138ABD12284675F4C3595B /* Pods-VisitCardsEstudoTests.debug.xcconfig */ = {isa = PBXFileReference; includeInIndex = 1; lastKnownFileType = text.xcconfig; name = "Pods-VisitCardsEstudoTests.debug.xcconfig"; path = "Target Support Files/Pods-VisitCardsEstudoTests/Pods-VisitCardsEstudoTests.debug.xcconfig"; sourceTree = "<group>"; };
		C80D7D75297EA9EEDC279102 /* Pods_VisitCardsEstudoTests.framework */ = {isa = PBXFileReference; explicitFileType = wrapper.framework; includeInIndex = 0; path = Pods_VisitCardsEstudoTests.framework; sourceTree = BUILT_PRODUCTS_DIR; };
		F65CC6ADAE031922CB9F762C /* Pods_VisitCardsEstudo.framework */ = {isa = PBXFileReference; explicitFileType = wrapper.framework; includeInIndex = 0; path = Pods_VisitCardsEstudo.framework; sourceTree = BUILT_PRODUCTS_DIR; };
/* End PBXFileReference section */

/* Begin PBXFrameworksBuildPhase section */
		78917DC0288F0DC300F34142 /* Frameworks */ = {
			isa = PBXFrameworksBuildPhase;
			buildActionMask = 2147483647;
			files = (
				BF0406D032AC1C0CB3C57AEB /* Pods_VisitCardsEstudo.framework in Frameworks */,
			);
			runOnlyForDeploymentPostprocessing = 0;
		};
		78917DD6288F0DC700F34142 /* Frameworks */ = {
			isa = PBXFrameworksBuildPhase;
			buildActionMask = 2147483647;
			files = (
				CBEE471936834B98F9DB4D38 /* Pods_VisitCardsEstudoTests.framework in Frameworks */,
			);
			runOnlyForDeploymentPostprocessing = 0;
		};
		78917DE0288F0DC700F34142 /* Frameworks */ = {
			isa = PBXFrameworksBuildPhase;
			buildActionMask = 2147483647;
			files = (
				459132A9EE1DD62819248055 /* Pods_VisitCardsEstudo_VisitCardsEstudoUITests.framework in Frameworks */,
			);
			runOnlyForDeploymentPostprocessing = 0;
		};
/* End PBXFrameworksBuildPhase section */

/* Begin PBXGroup section */
		30D6C60021C2AB77913FA6F0 /* Frameworks */ = {
			isa = PBXGroup;
			children = (
				F65CC6ADAE031922CB9F762C /* Pods_VisitCardsEstudo.framework */,
				3C10D2A352FF93A2E45FC189 /* Pods_VisitCardsEstudo_VisitCardsEstudoUITests.framework */,
				C80D7D75297EA9EEDC279102 /* Pods_VisitCardsEstudoTests.framework */,
			);
			name = Frameworks;
			sourceTree = "<group>";
		};
		5F70864CCD77D913F9A07974 /* Pods */ = {
			isa = PBXGroup;
			children = (
				3EC9A8DE4602588D64E66288 /* Pods-VisitCardsEstudo.debug.xcconfig */,
				6D2E3CA2658DAA0A8B298A81 /* Pods-VisitCardsEstudo.release.xcconfig */,
				151FD3907F9F54C1E757D6C6 /* Pods-VisitCardsEstudo-VisitCardsEstudoUITests.debug.xcconfig */,
				08E007B6CFA3A755C7F9D55A /* Pods-VisitCardsEstudo-VisitCardsEstudoUITests.release.xcconfig */,
				A0138ABD12284675F4C3595B /* Pods-VisitCardsEstudoTests.debug.xcconfig */,
				357B43F08E8B38C8D699BE62 /* Pods-VisitCardsEstudoTests.release.xcconfig */,
			);
			name = Pods;
			path = Pods;
			sourceTree = "<group>";
		};
		78917DBA288F0DC300F34142 = {
			isa = PBXGroup;
			children = (
				78917DC5288F0DC300F34142 /* VisitCardsEstudo */,
				78917DDC288F0DC700F34142 /* VisitCardsEstudoTests */,
				78917DE6288F0DC700F34142 /* VisitCardsEstudoUITests */,
				78917DC4288F0DC300F34142 /* Products */,
				5F70864CCD77D913F9A07974 /* Pods */,
				30D6C60021C2AB77913FA6F0 /* Frameworks */,
			);
			sourceTree = "<group>";
		};
		78917DC4288F0DC300F34142 /* Products */ = {
			isa = PBXGroup;
			children = (
				78917DC3288F0DC300F34142 /* VisitCardsEstudo.app */,
				78917DD9288F0DC700F34142 /* VisitCardsEstudoTests.xctest */,
				78917DE3288F0DC700F34142 /* VisitCardsEstudoUITests.xctest */,
			);
			name = Products;
			sourceTree = "<group>";
		};
		78917DC5288F0DC300F34142 /* VisitCardsEstudo */ = {
			isa = PBXGroup;
			children = (
				78917DC6288F0DC300F34142 /* AppDelegate.swift */,
				78917DCA288F0DC300F34142 /* ViewController.swift */,
				78917DCF288F0DC600F34142 /* Assets.xcassets */,
				78917DD1288F0DC600F34142 /* LaunchScreen.storyboard */,
				78917DD4288F0DC600F34142 /* Info.plist */,
			);
			path = VisitCardsEstudo;
			sourceTree = "<group>";
		};
		78917DDC288F0DC700F34142 /* VisitCardsEstudoTests */ = {
			isa = PBXGroup;
			children = (
				78917DDD288F0DC700F34142 /* VisitCardsEstudoTests.swift */,
			);
			path = VisitCardsEstudoTests;
			sourceTree = "<group>";
		};
		78917DE6288F0DC700F34142 /* VisitCardsEstudoUITests */ = {
			isa = PBXGroup;
			children = (
				78917DE7288F0DC700F34142 /* VisitCardsEstudoUITests.swift */,
				78917DE9288F0DC700F34142 /* VisitCardsEstudoUITestsLaunchTests.swift */,
			);
			path = VisitCardsEstudoUITests;
			sourceTree = "<group>";
		};
/* End PBXGroup section */

/* Begin PBXNativeTarget section */
		78917DC2288F0DC300F34142 /* VisitCardsEstudo */ = {
			isa = PBXNativeTarget;
			buildConfigurationList = 78917DED288F0DC700F34142 /* Build configuration list for PBXNativeTarget "VisitCardsEstudo" */;
			buildPhases = (
				D4EEC7C7EDE9D1CA49A4F7B4 /* [CP] Check Pods Manifest.lock */,
				78917DBF288F0DC300F34142 /* Sources */,
				78917DC0288F0DC300F34142 /* Frameworks */,
				78917DC1288F0DC300F34142 /* Resources */,
				33CCFEB1CAC275B5064C7BD5 /* [CP] Embed Pods Frameworks */,
			);
			buildRules = (
			);
			dependencies = (
			);
			name = VisitCardsEstudo;
			productName = VisitCardsEstudo;
			productReference = 78917DC3288F0DC300F34142 /* VisitCardsEstudo.app */;
			productType = "com.apple.product-type.application";
		};
		78917DD8288F0DC700F34142 /* VisitCardsEstudoTests */ = {
			isa = PBXNativeTarget;
			buildConfigurationList = 78917DF0288F0DC700F34142 /* Build configuration list for PBXNativeTarget "VisitCardsEstudoTests" */;
			buildPhases = (
				8DAB41B3E4C65DB2CD2E4015 /* [CP] Check Pods Manifest.lock */,
				78917DD5288F0DC700F34142 /* Sources */,
				78917DD6288F0DC700F34142 /* Frameworks */,
				78917DD7288F0DC700F34142 /* Resources */,
			);
			buildRules = (
			);
			dependencies = (
				78917DDB288F0DC700F34142 /* PBXTargetDependency */,
			);
			name = VisitCardsEstudoTests;
			productName = VisitCardsEstudoTests;
			productReference = 78917DD9288F0DC700F34142 /* VisitCardsEstudoTests.xctest */;
			productType = "com.apple.product-type.bundle.unit-test";
		};
		78917DE2288F0DC700F34142 /* VisitCardsEstudoUITests */ = {
			isa = PBXNativeTarget;
			buildConfigurationList = 78917DF3288F0DC700F34142 /* Build configuration list for PBXNativeTarget "VisitCardsEstudoUITests" */;
			buildPhases = (
				DFFC09DBFC6B1FFCE60B6A19 /* [CP] Check Pods Manifest.lock */,
				78917DDF288F0DC700F34142 /* Sources */,
				78917DE0288F0DC700F34142 /* Frameworks */,
				78917DE1288F0DC700F34142 /* Resources */,
				D1625A029065EEBB7BF062B5 /* [CP] Embed Pods Frameworks */,
			);
			buildRules = (
			);
			dependencies = (
				78917DE5288F0DC700F34142 /* PBXTargetDependency */,
			);
			name = VisitCardsEstudoUITests;
			productName = VisitCardsEstudoUITests;
			productReference = 78917DE3288F0DC700F34142 /* VisitCardsEstudoUITests.xctest */;
			productType = "com.apple.product-type.bundle.ui-testing";
		};
/* End PBXNativeTarget section */

/* Begin PBXProject section */
		78917DBB288F0DC300F34142 /* Project object */ = {
			isa = PBXProject;
			attributes = {
				BuildIndependentTargetsInParallel = 1;
				LastSwiftUpdateCheck = 1340;
				LastUpgradeCheck = 1340;
				TargetAttributes = {
					78917DC2288F0DC300F34142 = {
						CreatedOnToolsVersion = 13.4.1;
					};
					78917DD8288F0DC700F34142 = {
						CreatedOnToolsVersion = 13.4.1;
						TestTargetID = 78917DC2288F0DC300F34142;
					};
					78917DE2288F0DC700F34142 = {
						CreatedOnToolsVersion = 13.4.1;
						TestTargetID = 78917DC2288F0DC300F34142;
					};
				};
			};
			buildConfigurationList = 78917DBE288F0DC300F34142 /* Build configuration list for PBXProject "VisitCardsEstudo" */;
			compatibilityVersion = "Xcode 13.0";
			developmentRegion = en;
			hasScannedForEncodings = 0;
			knownRegions = (
				en,
				Base,
			);
			mainGroup = 78917DBA288F0DC300F34142;
			productRefGroup = 78917DC4288F0DC300F34142 /* Products */;
			projectDirPath = "";
			projectRoot = "";
			targets = (
				78917DC2288F0DC300F34142 /* VisitCardsEstudo */,
				78917DD8288F0DC700F34142 /* VisitCardsEstudoTests */,
				78917DE2288F0DC700F34142 /* VisitCardsEstudoUITests */,
			);
		};
/* End PBXProject section */

/* Begin PBXResourcesBuildPhase section */
		78917DC1288F0DC300F34142 /* Resources */ = {
			isa = PBXResourcesBuildPhase;
			buildActionMask = 2147483647;
			files = (
				78917DD3288F0DC600F34142 /* LaunchScreen.storyboard in Resources */,
				78917DD0288F0DC600F34142 /* Assets.xcassets in Resources */,
			);
			runOnlyForDeploymentPostprocessing = 0;
		};
		78917DD7288F0DC700F34142 /* Resources */ = {
			isa = PBXResourcesBuildPhase;
			buildActionMask = 2147483647;
			files = (
			);
			runOnlyForDeploymentPostprocessing = 0;
		};
		78917DE1288F0DC700F34142 /* Resources */ = {
			isa = PBXResourcesBuildPhase;
			buildActionMask = 2147483647;
			files = (
			);
			runOnlyForDeploymentPostprocessing = 0;
		};
/* End PBXResourcesBuildPhase section */

/* Begin PBXShellScriptBuildPhase section */
		33CCFEB1CAC275B5064C7BD5 /* [CP] Embed Pods Frameworks */ = {
			isa = PBXShellScriptBuildPhase;
			buildActionMask = 2147483647;
			files = (
			);
			inputFileListPaths = (
				"${PODS_ROOT}/Target Support Files/Pods-VisitCardsEstudo/Pods-VisitCardsEstudo-frameworks-${CONFIGURATION}-input-files.xcfilelist",
			);
			name = "[CP] Embed Pods Frameworks";
			outputFileListPaths = (
				"${PODS_ROOT}/Target Support Files/Pods-VisitCardsEstudo/Pods-VisitCardsEstudo-frameworks-${CONFIGURATION}-output-files.xcfilelist",
			);
			runOnlyForDeploymentPostprocessing = 0;
			shellPath = /bin/sh;
			shellScript = "\"${PODS_ROOT}/Target Support Files/Pods-VisitCardsEstudo/Pods-VisitCardsEstudo-frameworks.sh\"\n";
			showEnvVarsInLog = 0;
		};
		8DAB41B3E4C65DB2CD2E4015 /* [CP] Check Pods Manifest.lock */ = {
			isa = PBXShellScriptBuildPhase;
			buildActionMask = 2147483647;
			files = (
			);
			inputFileListPaths = (
			);
			inputPaths = (
				"${PODS_PODFILE_DIR_PATH}/Podfile.lock",
				"${PODS_ROOT}/Manifest.lock",
			);
			name = "[CP] Check Pods Manifest.lock";
			outputFileListPaths = (
			);
			outputPaths = (
				"$(DERIVED_FILE_DIR)/Pods-VisitCardsEstudoTests-checkManifestLockResult.txt",
			);
			runOnlyForDeploymentPostprocessing = 0;
			shellPath = /bin/sh;
			shellScript = "diff \"${PODS_PODFILE_DIR_PATH}/Podfile.lock\" \"${PODS_ROOT}/Manifest.lock\" > /dev/null\nif [ $? != 0 ] ; then\n    # print error to STDERR\n    echo \"error: The sandbox is not in sync with the Podfile.lock. Run 'pod install' or update your CocoaPods installation.\" >&2\n    exit 1\nfi\n# This output is used by Xcode 'outputs' to avoid re-running this script phase.\necho \"SUCCESS\" > \"${SCRIPT_OUTPUT_FILE_0}\"\n";
			showEnvVarsInLog = 0;
		};
		D1625A029065EEBB7BF062B5 /* [CP] Embed Pods Frameworks */ = {
			isa = PBXShellScriptBuildPhase;
			buildActionMask = 2147483647;
			files = (
			);
			inputFileListPaths = (
				"${PODS_ROOT}/Target Support Files/Pods-VisitCardsEstudo-VisitCardsEstudoUITests/Pods-VisitCardsEstudo-VisitCardsEstudoUITests-frameworks-${CONFIGURATION}-input-files.xcfilelist",
			);
			name = "[CP] Embed Pods Frameworks";
			outputFileListPaths = (
				"${PODS_ROOT}/Target Support Files/Pods-VisitCardsEstudo-VisitCardsEstudoUITests/Pods-VisitCardsEstudo-VisitCardsEstudoUITests-frameworks-${CONFIGURATION}-output-files.xcfilelist",
			);
			runOnlyForDeploymentPostprocessing = 0;
			shellPath = /bin/sh;
			shellScript = "\"${PODS_ROOT}/Target Support Files/Pods-VisitCardsEstudo-VisitCardsEstudoUITests/Pods-VisitCardsEstudo-VisitCardsEstudoUITests-frameworks.sh\"\n";
			showEnvVarsInLog = 0;
		};
		D4EEC7C7EDE9D1CA49A4F7B4 /* [CP] Check Pods Manifest.lock */ = {
			isa = PBXShellScriptBuildPhase;
			buildActionMask = 2147483647;
			files = (
			);
			inputFileListPaths = (
			);
			inputPaths = (
				"${PODS_PODFILE_DIR_PATH}/Podfile.lock",
				"${PODS_ROOT}/Manifest.lock",
			);
			name = "[CP] Check Pods Manifest.lock";
			outputFileListPaths = (
			);
			outputPaths = (
				"$(DERIVED_FILE_DIR)/Pods-VisitCardsEstudo-checkManifestLockResult.txt",
			);
			runOnlyForDeploymentPostprocessing = 0;
			shellPath = /bin/sh;
			shellScript = "diff \"${PODS_PODFILE_DIR_PATH}/Podfile.lock\" \"${PODS_ROOT}/Manifest.lock\" > /dev/null\nif [ $? != 0 ] ; then\n    # print error to STDERR\n    echo \"error: The sandbox is not in sync with the Podfile.lock. Run 'pod install' or update your CocoaPods installation.\" >&2\n    exit 1\nfi\n# This output is used by Xcode 'outputs' to avoid re-running this script phase.\necho \"SUCCESS\" > \"${SCRIPT_OUTPUT_FILE_0}\"\n";
			showEnvVarsInLog = 0;
		};
		DFFC09DBFC6B1FFCE60B6A19 /* [CP] Check Pods Manifest.lock */ = {
			isa = PBXShellScriptBuildPhase;
			buildActionMask = 2147483647;
			files = (
			);
			inputFileListPaths = (
			);
			inputPaths = (
				"${PODS_PODFILE_DIR_PATH}/Podfile.lock",
				"${PODS_ROOT}/Manifest.lock",
			);
			name = "[CP] Check Pods Manifest.lock";
			outputFileListPaths = (
			);
			outputPaths = (
				"$(DERIVED_FILE_DIR)/Pods-VisitCardsEstudo-VisitCardsEstudoUITests-checkManifestLockResult.txt",
			);
			runOnlyForDeploymentPostprocessing = 0;
			shellPath = /bin/sh;
			shellScript = "diff \"${PODS_PODFILE_DIR_PATH}/Podfile.lock\" \"${PODS_ROOT}/Manifest.lock\" > /dev/null\nif [ $? != 0 ] ; then\n    # print error to STDERR\n    echo \"error: The sandbox is not in sync with the Podfile.lock. Run 'pod install' or update your CocoaPods installation.\" >&2\n    exit 1\nfi\n# This output is used by Xcode 'outputs' to avoid re-running this script phase.\necho \"SUCCESS\" > \"${SCRIPT_OUTPUT_FILE_0}\"\n";
			showEnvVarsInLog = 0;
		};
/* End PBXShellScriptBuildPhase section */

/* Begin PBXSourcesBuildPhase section */
		78917DBF288F0DC300F34142 /* Sources */ = {
			isa = PBXSourcesBuildPhase;
			buildActionMask = 2147483647;
			files = (
				78917DCB288F0DC300F34142 /* ViewController.swift in Sources */,
				78917DC7288F0DC300F34142 /* AppDelegate.swift in Sources */,
			);
			runOnlyForDeploymentPostprocessing = 0;
		};
		78917DD5288F0DC700F34142 /* Sources */ = {
			isa = PBXSourcesBuildPhase;
			buildActionMask = 2147483647;
			files = (
				78917DDE288F0DC700F34142 /* VisitCardsEstudoTests.swift in Sources */,
			);
			runOnlyForDeploymentPostprocessing = 0;
		};
		78917DDF288F0DC700F34142 /* Sources */ = {
			isa = PBXSourcesBuildPhase;
			buildActionMask = 2147483647;
			files = (
				78917DEA288F0DC700F34142 /* VisitCardsEstudoUITestsLaunchTests.swift in Sources */,
				78917DE8288F0DC700F34142 /* VisitCardsEstudoUITests.swift in Sources */,
			);
			runOnlyForDeploymentPostprocessing = 0;
		};
/* End PBXSourcesBuildPhase section */

/* Begin PBXTargetDependency section */
		78917DDB288F0DC700F34142 /* PBXTargetDependency */ = {
			isa = PBXTargetDependency;
			target = 78917DC2288F0DC300F34142 /* VisitCardsEstudo */;
			targetProxy = 78917DDA288F0DC700F34142 /* PBXContainerItemProxy */;
		};
		78917DE5288F0DC700F34142 /* PBXTargetDependency */ = {
			isa = PBXTargetDependency;
			target = 78917DC2288F0DC300F34142 /* VisitCardsEstudo */;
			targetProxy = 78917DE4288F0DC700F34142 /* PBXContainerItemProxy */;
		};
/* End PBXTargetDependency section */

/* Begin PBXVariantGroup section */
		78917DD1288F0DC600F34142 /* LaunchScreen.storyboard */ = {
			isa = PBXVariantGroup;
			children = (
				78917DD2288F0DC600F34142 /* Base */,
			);
			name = LaunchScreen.storyboard;
			sourceTree = "<group>";
		};
/* End PBXVariantGroup section */

/* Begin XCBuildConfiguration section */
		78917DEB288F0DC700F34142 /* Debug */ = {
			isa = XCBuildConfiguration;
			buildSettings = {
				ALWAYS_SEARCH_USER_PATHS = NO;
				CLANG_ANALYZER_NONNULL = YES;
				CLANG_ANALYZER_NUMBER_OBJECT_CONVERSION = YES_AGGRESSIVE;
				CLANG_CXX_LANGUAGE_STANDARD = "gnu++17";
				CLANG_ENABLE_MODULES = YES;
				CLANG_ENABLE_OBJC_ARC = YES;
				CLANG_ENABLE_OBJC_WEAK = YES;
				CLANG_WARN_BLOCK_CAPTURE_AUTORELEASING = YES;
				CLANG_WARN_BOOL_CONVERSION = YES;
				CLANG_WARN_COMMA = YES;
				CLANG_WARN_CONSTANT_CONVERSION = YES;
				CLANG_WARN_DEPRECATED_OBJC_IMPLEMENTATIONS = YES;
				CLANG_WARN_DIRECT_OBJC_ISA_USAGE = YES_ERROR;
				CLANG_WARN_DOCUMENTATION_COMMENTS = YES;
				CLANG_WARN_EMPTY_BODY = YES;
				CLANG_WARN_ENUM_CONVERSION = YES;
				CLANG_WARN_INFINITE_RECURSION = YES;
				CLANG_WARN_INT_CONVERSION = YES;
				CLANG_WARN_NON_LITERAL_NULL_CONVERSION = YES;
				CLANG_WARN_OBJC_IMPLICIT_RETAIN_SELF = YES;
				CLANG_WARN_OBJC_LITERAL_CONVERSION = YES;
				CLANG_WARN_OBJC_ROOT_CLASS = YES_ERROR;
				CLANG_WARN_QUOTED_INCLUDE_IN_FRAMEWORK_HEADER = YES;
				CLANG_WARN_RANGE_LOOP_ANALYSIS = YES;
				CLANG_WARN_STRICT_PROTOTYPES = YES;
				CLANG_WARN_SUSPICIOUS_MOVE = YES;
				CLANG_WARN_UNGUARDED_AVAILABILITY = YES_AGGRESSIVE;
				CLANG_WARN_UNREACHABLE_CODE = YES;
				CLANG_WARN__DUPLICATE_METHOD_MATCH = YES;
				COPY_PHASE_STRIP = NO;
				DEBUG_INFORMATION_FORMAT = dwarf;
				ENABLE_STRICT_OBJC_MSGSEND = YES;
				ENABLE_TESTABILITY = YES;
				GCC_C_LANGUAGE_STANDARD = gnu11;
				GCC_DYNAMIC_NO_PIC = NO;
				GCC_NO_COMMON_BLOCKS = YES;
				GCC_OPTIMIZATION_LEVEL = 0;
				GCC_PREPROCESSOR_DEFINITIONS = (
					"DEBUG=1",
					"$(inherited)",
				);
				GCC_WARN_64_TO_32_BIT_CONVERSION = YES;
				GCC_WARN_ABOUT_RETURN_TYPE = YES_ERROR;
				GCC_WARN_UNDECLARED_SELECTOR = YES;
				GCC_WARN_UNINITIALIZED_AUTOS = YES_AGGRESSIVE;
				GCC_WARN_UNUSED_FUNCTION = YES;
				GCC_WARN_UNUSED_VARIABLE = YES;
				IPHONEOS_DEPLOYMENT_TARGET = 15.5;
				MTL_ENABLE_DEBUG_INFO = INCLUDE_SOURCE;
				MTL_FAST_MATH = YES;
				ONLY_ACTIVE_ARCH = YES;
				SDKROOT = iphoneos;
				SWIFT_ACTIVE_COMPILATION_CONDITIONS = DEBUG;
				SWIFT_OPTIMIZATION_LEVEL = "-Onone";
			};
			name = Debug;
		};
		78917DEC288F0DC700F34142 /* Release */ = {
			isa = XCBuildConfiguration;
			buildSettings = {
				ALWAYS_SEARCH_USER_PATHS = NO;
				CLANG_ANALYZER_NONNULL = YES;
				CLANG_ANALYZER_NUMBER_OBJECT_CONVERSION = YES_AGGRESSIVE;
				CLANG_CXX_LANGUAGE_STANDARD = "gnu++17";
				CLANG_ENABLE_MODULES = YES;
				CLANG_ENABLE_OBJC_ARC = YES;
				CLANG_ENABLE_OBJC_WEAK = YES;
				CLANG_WARN_BLOCK_CAPTURE_AUTORELEASING = YES;
				CLANG_WARN_BOOL_CONVERSION = YES;
				CLANG_WARN_COMMA = YES;
				CLANG_WARN_CONSTANT_CONVERSION = YES;
				CLANG_WARN_DEPRECATED_OBJC_IMPLEMENTATIONS = YES;
				CLANG_WARN_DIRECT_OBJC_ISA_USAGE = YES_ERROR;
				CLANG_WARN_DOCUMENTATION_COMMENTS = YES;
				CLANG_WARN_EMPTY_BODY = YES;
				CLANG_WARN_ENUM_CONVERSION = YES;
				CLANG_WARN_INFINITE_RECURSION = YES;
				CLANG_WARN_INT_CONVERSION = YES;
				CLANG_WARN_NON_LITERAL_NULL_CONVERSION = YES;
				CLANG_WARN_OBJC_IMPLICIT_RETAIN_SELF = YES;
				CLANG_WARN_OBJC_LITERAL_CONVERSION = YES;
				CLANG_WARN_OBJC_ROOT_CLASS = YES_ERROR;
				CLANG_WARN_QUOTED_INCLUDE_IN_FRAMEWORK_HEADER = YES;
				CLANG_WARN_RANGE_LOOP_ANALYSIS = YES;
				CLANG_WARN_STRICT_PROTOTYPES = YES;
				CLANG_WARN_SUSPICIOUS_MOVE = YES;
				CLANG_WARN_UNGUARDED_AVAILABILITY = YES_AGGRESSIVE;
				CLANG_WARN_UNREACHABLE_CODE = YES;
				CLANG_WARN__DUPLICATE_METHOD_MATCH = YES;
				COPY_PHASE_STRIP = NO;
				DEBUG_INFORMATION_FORMAT = "dwarf-with-dsym";
				ENABLE_NS_ASSERTIONS = NO;
				ENABLE_STRICT_OBJC_MSGSEND = YES;
				GCC_C_LANGUAGE_STANDARD = gnu11;
				GCC_NO_COMMON_BLOCKS = YES;
				GCC_WARN_64_TO_32_BIT_CONVERSION = YES;
				GCC_WARN_ABOUT_RETURN_TYPE = YES_ERROR;
				GCC_WARN_UNDECLARED_SELECTOR = YES;
				GCC_WARN_UNINITIALIZED_AUTOS = YES_AGGRESSIVE;
				GCC_WARN_UNUSED_FUNCTION = YES;
				GCC_WARN_UNUSED_VARIABLE = YES;
				IPHONEOS_DEPLOYMENT_TARGET = 15.5;
				MTL_ENABLE_DEBUG_INFO = NO;
				MTL_FAST_MATH = YES;
				SDKROOT = iphoneos;
				SWIFT_COMPILATION_MODE = wholemodule;
				SWIFT_OPTIMIZATION_LEVEL = "-O";
				VALIDATE_PRODUCT = YES;
			};
			name = Release;
		};
		78917DEE288F0DC700F34142 /* Debug */ = {
			isa = XCBuildConfiguration;
			baseConfigurationReference = 3EC9A8DE4602588D64E66288 /* Pods-VisitCardsEstudo.debug.xcconfig */;
			buildSettings = {
				ASSETCATALOG_COMPILER_APPICON_NAME = AppIcon;
				ASSETCATALOG_COMPILER_GLOBAL_ACCENT_COLOR_NAME = AccentColor;
				CODE_SIGN_STYLE = Automatic;
				CURRENT_PROJECT_VERSION = 1;
				DEVELOPMENT_TEAM = 2NQ2Q4CS26;
				GENERATE_INFOPLIST_FILE = YES;
				INFOPLIST_FILE = VisitCardsEstudo/Info.plist;
				INFOPLIST_KEY_UIApplicationSupportsIndirectInputEvents = YES;
				INFOPLIST_KEY_UILaunchStoryboardName = LaunchScreen;
				INFOPLIST_KEY_UIMainStoryboardFile = LaunchScreen;
				INFOPLIST_KEY_UISupportedInterfaceOrientations_iPad = "UIInterfaceOrientationPortrait UIInterfaceOrientationPortraitUpsideDown UIInterfaceOrientationLandscapeLeft UIInterfaceOrientationLandscapeRight";
				INFOPLIST_KEY_UISupportedInterfaceOrientations_iPhone = "UIInterfaceOrientationPortrait UIInterfaceOrientationLandscapeLeft UIInterfaceOrientationLandscapeRight";
				LD_RUNPATH_SEARCH_PATHS = (
					"$(inherited)",
					"@executable_path/Frameworks",
				);
				MARKETING_VERSION = 1.0;
				PRODUCT_BUNDLE_IDENTIFIER = com.igorgomes.VisitCardsEstudo;
				PRODUCT_NAME = "$(TARGET_NAME)";
				SWIFT_EMIT_LOC_STRINGS = YES;
				SWIFT_VERSION = 5.0;
				TARGETED_DEVICE_FAMILY = "1,2";
			};
			name = Debug;
		};
		78917DEF288F0DC700F34142 /* Release */ = {
			isa = XCBuildConfiguration;
			baseConfigurationReference = 6D2E3CA2658DAA0A8B298A81 /* Pods-VisitCardsEstudo.release.xcconfig */;
			buildSettings = {
				ASSETCATALOG_COMPILER_APPICON_NAME = AppIcon;
				ASSETCATALOG_COMPILER_GLOBAL_ACCENT_COLOR_NAME = AccentColor;
				CODE_SIGN_STYLE = Automatic;
				CURRENT_PROJECT_VERSION = 1;
				DEVELOPMENT_TEAM = 2NQ2Q4CS26;
				GENERATE_INFOPLIST_FILE = YES;
				INFOPLIST_FILE = VisitCardsEstudo/Info.plist;
				INFOPLIST_KEY_UIApplicationSupportsIndirectInputEvents = YES;
				INFOPLIST_KEY_UILaunchStoryboardName = LaunchScreen;
				INFOPLIST_KEY_UIMainStoryboardFile = LaunchScreen;
				INFOPLIST_KEY_UISupportedInterfaceOrientations_iPad = "UIInterfaceOrientationPortrait UIInterfaceOrientationPortraitUpsideDown UIInterfaceOrientationLandscapeLeft UIInterfaceOrientationLandscapeRight";
				INFOPLIST_KEY_UISupportedInterfaceOrientations_iPhone = "UIInterfaceOrientationPortrait UIInterfaceOrientationLandscapeLeft UIInterfaceOrientationLandscapeRight";
				LD_RUNPATH_SEARCH_PATHS = (
					"$(inherited)",
					"@executable_path/Frameworks",
				);
				MARKETING_VERSION = 1.0;
				PRODUCT_BUNDLE_IDENTIFIER = com.igorgomes.VisitCardsEstudo;
				PRODUCT_NAME = "$(TARGET_NAME)";
				SWIFT_EMIT_LOC_STRINGS = YES;
				SWIFT_VERSION = 5.0;
				TARGETED_DEVICE_FAMILY = "1,2";
			};
			name = Release;
		};
		78917DF1288F0DC700F34142 /* Debug */ = {
			isa = XCBuildConfiguration;
			baseConfigurationReference = A0138ABD12284675F4C3595B /* Pods-VisitCardsEstudoTests.debug.xcconfig */;
			buildSettings = {
				ALWAYS_EMBED_SWIFT_STANDARD_LIBRARIES = YES;
				BUNDLE_LOADER = "$(TEST_HOST)";
				CODE_SIGN_STYLE = Automatic;
				CURRENT_PROJECT_VERSION = 1;
				DEVELOPMENT_TEAM = 2NQ2Q4CS26;
				GENERATE_INFOPLIST_FILE = YES;
				IPHONEOS_DEPLOYMENT_TARGET = 15.5;
				MARKETING_VERSION = 1.0;
				PRODUCT_BUNDLE_IDENTIFIER = com.igorgomes.VisitCardsEstudoTests;
				PRODUCT_NAME = "$(TARGET_NAME)";
				SWIFT_EMIT_LOC_STRINGS = NO;
				SWIFT_VERSION = 5.0;
				TARGETED_DEVICE_FAMILY = "1,2";
				TEST_HOST = "$(BUILT_PRODUCTS_DIR)/VisitCardsEstudo.app/VisitCardsEstudo";
			};
			name = Debug;
		};
		78917DF2288F0DC700F34142 /* Release */ = {
			isa = XCBuildConfiguration;
			baseConfigurationReference = 357B43F08E8B38C8D699BE62 /* Pods-VisitCardsEstudoTests.release.xcconfig */;
			buildSettings = {
				ALWAYS_EMBED_SWIFT_STANDARD_LIBRARIES = YES;
				BUNDLE_LOADER = "$(TEST_HOST)";
				CODE_SIGN_STYLE = Automatic;
				CURRENT_PROJECT_VERSION = 1;
				DEVELOPMENT_TEAM = 2NQ2Q4CS26;
				GENERATE_INFOPLIST_FILE = YES;
				IPHONEOS_DEPLOYMENT_TARGET = 15.5;
				MARKETING_VERSION = 1.0;
				PRODUCT_BUNDLE_IDENTIFIER = com.igorgomes.VisitCardsEstudoTests;
				PRODUCT_NAME = "$(TARGET_NAME)";
				SWIFT_EMIT_LOC_STRINGS = NO;
				SWIFT_VERSION = 5.0;
				TARGETED_DEVICE_FAMILY = "1,2";
				TEST_HOST = "$(BUILT_PRODUCTS_DIR)/VisitCardsEstudo.app/VisitCardsEstudo";
			};
			name = Release;
		};
		78917DF4288F0DC700F34142 /* Debug */ = {
			isa = XCBuildConfiguration;
			baseConfigurationReference = 151FD3907F9F54C1E757D6C6 /* Pods-VisitCardsEstudo-VisitCardsEstudoUITests.debug.xcconfig */;
			buildSettings = {
				ALWAYS_EMBED_SWIFT_STANDARD_LIBRARIES = YES;
				CODE_SIGN_STYLE = Automatic;
				CURRENT_PROJECT_VERSION = 1;
				DEVELOPMENT_TEAM = 2NQ2Q4CS26;
				GENERATE_INFOPLIST_FILE = YES;
				MARKETING_VERSION = 1.0;
				PRODUCT_BUNDLE_IDENTIFIER = com.igorgomes.VisitCardsEstudoUITests;
				PRODUCT_NAME = "$(TARGET_NAME)";
				SWIFT_EMIT_LOC_STRINGS = NO;
				SWIFT_VERSION = 5.0;
				TARGETED_DEVICE_FAMILY = "1,2";
				TEST_TARGET_NAME = VisitCardsEstudo;
			};
			name = Debug;
		};
		78917DF5288F0DC700F34142 /* Release */ = {
			isa = XCBuildConfiguration;
			baseConfigurationReference = 08E007B6CFA3A755C7F9D55A /* Pods-VisitCardsEstudo-VisitCardsEstudoUITests.release.xcconfig */;
			buildSettings = {
				ALWAYS_EMBED_SWIFT_STANDARD_LIBRARIES = YES;
				CODE_SIGN_STYLE = Automatic;
				CURRENT_PROJECT_VERSION = 1;
				DEVELOPMENT_TEAM = 2NQ2Q4CS26;
				GENERATE_INFOPLIST_FILE = YES;
				MARKETING_VERSION = 1.0;
				PRODUCT_BUNDLE_IDENTIFIER = com.igorgomes.VisitCardsEstudoUITests;
				PRODUCT_NAME = "$(TARGET_NAME)";
				SWIFT_EMIT_LOC_STRINGS = NO;
				SWIFT_VERSION = 5.0;
				TARGETED_DEVICE_FAMILY = "1,2";
				TEST_TARGET_NAME = VisitCardsEstudo;
			};
			name = Release;
		};
/* End XCBuildConfiguration section */

/* Begin XCConfigurationList section */
		78917DBE288F0DC300F34142 /* Build configuration list for PBXProject "VisitCardsEstudo" */ = {
			isa = XCConfigurationList;
			buildConfigurations = (
				78917DEB288F0DC700F34142 /* Debug */,
				78917DEC288F0DC700F34142 /* Release */,
			);
			defaultConfigurationIsVisible = 0;
			defaultConfigurationName = Release;
		};
		78917DED288F0DC700F34142 /* Build configuration list for PBXNativeTarget "VisitCardsEstudo" */ = {
			isa = XCConfigurationList;
			buildConfigurations = (
				78917DEE288F0DC700F34142 /* Debug */,
				78917DEF288F0DC700F34142 /* Release */,
			);
			defaultConfigurationIsVisible = 0;
			defaultConfigurationName = Release;
		};
		78917DF0288F0DC700F34142 /* Build configuration list for PBXNativeTarget "VisitCardsEstudoTests" */ = {
			isa = XCConfigurationList;
			buildConfigurations = (
				78917DF1288F0DC700F34142 /* Debug */,
				78917DF2288F0DC700F34142 /* Release */,
			);
			defaultConfigurationIsVisible = 0;
			defaultConfigurationName = Release;
		};
		78917DF3288F0DC700F34142 /* Build configuration list for PBXNativeTarget "VisitCardsEstudoUITests" */ = {
			isa = XCConfigurationList;
			buildConfigurations = (
				78917DF4288F0DC700F34142 /* Debug */,
				78917DF5288F0DC700F34142 /* Release */,
			);
			defaultConfigurationIsVisible = 0;
			defaultConfigurationName = Release;
		};
/* End XCConfigurationList section */
	};
	rootObject = 78917DBB288F0DC300F34142 /* Project object */;
}
